
Microsoft Visual Studio Solution File, Format Version 12.00
# Visual Studio Version 17
VisualStudioVersion = 17.2.32519.379
MinimumVisualStudioVersion = 10.0.40219.1
Project("{8BC9CEB8-8B4A-11D0-8D11-00A0C91BC942}") = "通讯录管理系统", "实训\实训.vcxproj", "{7C043D5D-A803-4E54-BAC7-5A90680342C7}"
EndProject
Project("{8BC9CEB8-8B4A-11D0-8D11-00A0C91BC942}") = "演讲比赛系统", "演讲比赛系统\演讲比赛系统.vcxproj", "{F436258F-48C6-464E-BC5E-F6A95B7CBB0D}"
EndProject
Global
	GlobalSection(SolutionConfigurationPlatforms) = preSolution
		Debug|x64 = Debug|x64
		Debug|x86 = Debug|x86
		Release|x64 = Release|x64
		Release|x86 = Release|x86
	EndGlobalSection
	GlobalSection(ProjectConfigurationPlatforms) = postSolution
		{7C043D5D-A803-4E54-BAC7-5A90680342C7}.Debug|x64.ActiveCfg = Debug|x64
		{7C043D5D-A803-4E54-BAC7-5A90680342C7}.Debug|x64.Build.0 = Debug|x64
		{7C043D5D-A803-4E54-BAC7-5A90680342C7}.Debug|x86.ActiveCfg = Debug|Win32
		{7C043D5D-A803-4E54-BAC7-5A90680342C7}.Debug|x86.Build.0 = Debug|Win32
		{7C043D5D-A803-4E54-BAC7-5A90680342C7}.Release|x64.ActiveCfg = Release|x64
		{7C043D5D-A803-4E54-BAC7-5A90680342C7}.Release|x64.Build.0 = Release|x64
		{7C043D5D-A803-4E54-BAC7-5A90680342C7}.Release|x86.ActiveCfg = Release|Win32
		{7C043D5D-A803-4E54-BAC7-5A90680342C7}.Release|x86.Build.0 = Release|Win32
		{F436258F-48C6-464E-BC5E-F6A95B7CBB0D}.Debug|x64.ActiveCfg = Debug|x64
		{F436258F-48C6-464E-BC5E-F6A95B7CBB0D}.Debug|x64.Build.0 = Debug|x64
		{F436258F-48C6-464E-BC5E-F6A95B7CBB0D}.Debug|x86.ActiveCfg = Debug|Win32
		{F436258F-48C6-464E-BC5E-F6A95B7CBB0D}.Debug|x86.Build.0 = Debug|Win32
		{F436258F-48C6-464E-BC5E-F6A95B7CBB0D}.Release|x64.ActiveCfg = Release|x64
		{F436258F-48C6-464E-BC5E-F6A95B7CBB0D}.Release|x64.Build.0 = Release|x64
		{F436258F-48C6-464E-BC5E-F6A95B7CBB0D}.Release|x86.ActiveCfg = Release|Win32
		{F436258F-48C6-464E-BC5E-F6A95B7CBB0D}.Release|x86.Build.0 = Release|Win32
	EndGlobalSection
	GlobalSection(SolutionProperties) = preSolution
		HideSolutionNode = FALSE
	EndGlobalSection
	GlobalSection(ExtensibilityGlobals) = postSolution
		SolutionGuid = {E27FAA90-711C-40E4-A2C1-429FEE586A5D}
	EndGlobalSection
EndGlobal
